
Microsoft Visual Studio Solution File, Format Version 12.00
# Visual Studio Version 16
VisualStudioVersion = 16.0.31025.194
MinimumVisualStudioVersion = 10.0.40219.1
Project("{FAE04EC0-301F-11D3-BF4B-00C04F79EFBC}") = "Server1", "Server1\Server1.csproj", "{23E4C333-145F-47B0-8A4B-66739E8999AD}"
EndProject
Global
	GlobalSection(SolutionConfigurationPlatforms) = preSolution
		Debug|Any CPU = Debug|Any CPU
		Release|Any CPU = Release|Any CPU
	EndGlobalSection
	GlobalSection(ProjectConfigurationPlatforms) = postSolution
		{23E4C333-145F-47B0-8A4B-66739E8999AD}.Debug|Any CPU.ActiveCfg = Debug|Any CPU
		{23E4C333-145F-47B0-8A4B-66739E8999AD}.Debug|Any CPU.Build.0 = Debug|Any CPU
		{23E4C333-145F-47B0-8A4B-66739E8999AD}.Release|Any CPU.ActiveCfg = Release|Any CPU
		{23E4C333-145F-47B0-8A4B-66739E8999AD}.Release|Any CPU.Build.0 = Release|Any CPU
	EndGlobalSection
	GlobalSection(SolutionProperties) = preSolution
		HideSolutionNode = FALSE
	EndGlobalSection
	GlobalSection(ExtensibilityGlobals) = postSolution
		SolutionGuid = {4B2DABB5-CBCB-4BE1-AAAA-CB0DF6DAD0B4}
	EndGlobalSection
EndGlobal
