
Microsoft Visual Studio Solution File, Format Version 12.00
# Visual Studio Version 16
VisualStudioVersion = 16.0.31025.194
MinimumVisualStudioVersion = 10.0.40219.1
Project("{FAE04EC0-301F-11D3-BF4B-00C04F79EFBC}") = "EnhancedRequestStream", "EnhancedRequestStream.csproj", "{DCD13CAC-E3BE-49DE-B654-53353CB1ECD8}"
EndProject
Global
	GlobalSection(SolutionConfigurationPlatforms) = preSolution
		Debug|Any CPU = Debug|Any CPU
		Release|Any CPU = Release|Any CPU
	EndGlobalSection
	GlobalSection(ProjectConfigurationPlatforms) = postSolution
		{DCD13CAC-E3BE-49DE-B654-53353CB1ECD8}.Debug|Any CPU.ActiveCfg = Debug|Any CPU
		{DCD13CAC-E3BE-49DE-B654-53353CB1ECD8}.Debug|Any CPU.Build.0 = Debug|Any CPU
		{DCD13CAC-E3BE-49DE-B654-53353CB1ECD8}.Release|Any CPU.ActiveCfg = Release|Any CPU
		{DCD13CAC-E3BE-49DE-B654-53353CB1ECD8}.Release|Any CPU.Build.0 = Release|Any CPU
	EndGlobalSection
	GlobalSection(SolutionProperties) = preSolution
		HideSolutionNode = FALSE
	EndGlobalSection
	GlobalSection(ExtensibilityGlobals) = postSolution
		SolutionGuid = {E905D9FB-2197-4339-8336-12ACFD399E89}
	EndGlobalSection
EndGlobal
